// !$*UTF8*$!
{
	archiveVersion = 1;
	classes = {
	};
	objectVersion = 46;
	objects = {

/* Begin PBXBuildFile section */
		3C7C251217D810910020DEE2 /* DrawPoint.m in Sources */ = {isa = PBXBuildFile; fileRef = 3C7C251117D810910020DEE2 /* DrawPoint.m */; };
		3C7C251517D810910020DEE2 /* Pitch.m in Sources */ = {isa = PBXBuildFile; fileRef = 3C7C251417D810910020DEE2 /* Pitch.m */; };
		BE3F4D9917AC103600BC6371 /* QuartzCore.framework in Frameworks */ = {isa = PBXBuildFile; fileRef = BE3F4D9817AC103600BC6371 /* QuartzCore.framework */; };
		BE3F4E0517AD7B5800BC6371 /* SenecaExploreTapHandler.m in Sources */ = {isa = PBXBuildFile; fileRef = BE3F4E0417AD7B5800BC6371 /* SenecaExploreTapHandler.m */; };
		BE3F4E0817AD7B9000BC6371 /* SenecaCreateTapHandler.m in Sources */ = {isa = PBXBuildFile; fileRef = BE3F4E0717AD7B9000BC6371 /* SenecaCreateTapHandler.m */; };
		BE3F4E0A17AD863800BC6371 /* CoreData.framework in Frameworks */ = {isa = PBXBuildFile; fileRef = BE3F4E0917AD863800BC6371 /* CoreData.framework */; };
		BE3F4E0D17AD866000BC6371 /* Seneca.xcdatamodeld in Sources */ = {isa = PBXBuildFile; fileRef = BE3F4E0B17AD866000BC6371 /* Seneca.xcdatamodeld */; };
		BEC8228817A2BBC20027D29E /* UIKit.framework in Frameworks */ = {isa = PBXBuildFile; fileRef = BEC8228717A2BBC20027D29E /* UIKit.framework */; };
		BEC8228A17A2BBC20027D29E /* Foundation.framework in Frameworks */ = {isa = PBXBuildFile; fileRef = BEC8228917A2BBC20027D29E /* Foundation.framework */; };
		BEC8228C17A2BBC20027D29E /* CoreGraphics.framework in Frameworks */ = {isa = PBXBuildFile; fileRef = BEC8228B17A2BBC20027D29E /* CoreGraphics.framework */; };
		BEC8229217A2BBC20027D29E /* InfoPlist.strings in Resources */ = {isa = PBXBuildFile; fileRef = BEC8229017A2BBC20027D29E /* InfoPlist.strings */; };
		BEC8229417A2BBC20027D29E /* main.m in Sources */ = {isa = PBXBuildFile; fileRef = BEC8229317A2BBC20027D29E /* main.m */; };
		BEC8229817A2BBC20027D29E /* SenecaAppDelegate.m in Sources */ = {isa = PBXBuildFile; fileRef = BEC8229717A2BBC20027D29E /* SenecaAppDelegate.m */; };
		BEC8229A17A2BBC20027D29E /* Default.png in Resources */ = {isa = PBXBuildFile; fileRef = BEC8229917A2BBC20027D29E /* Default.png */; };
		BEC8229C17A2BBC20027D29E /* Default@2x.png in Resources */ = {isa = PBXBuildFile; fileRef = BEC8229B17A2BBC20027D29E /* Default@2x.png */; };
		BEC8229E17A2BBC20027D29E /* Default-568h@2x.png in Resources */ = {isa = PBXBuildFile; fileRef = BEC8229D17A2BBC20027D29E /* Default-568h@2x.png */; };
		BEC822A117A2BBC20027D29E /* MainStoryboard.storyboard in Resources */ = {isa = PBXBuildFile; fileRef = BEC8229F17A2BBC20027D29E /* MainStoryboard.storyboard */; };
		BEC822A417A2BBC20027D29E /* SenecaViewController.m in Sources */ = {isa = PBXBuildFile; fileRef = BEC822A317A2BBC20027D29E /* SenecaViewController.m */; };
		BEC822AE17A2BD100027D29E /* gunsight-topo.png in Resources */ = {isa = PBXBuildFile; fileRef = BEC822AD17A2BD100027D29E /* gunsight-topo.png */; };
/* End PBXBuildFile section */

/* Begin PBXFileReference section */
		3C7C251017D810910020DEE2 /* DrawPoint.h */ = {isa = PBXFileReference; fileEncoding = 4; lastKnownFileType = sourcecode.c.h; path = DrawPoint.h; sourceTree = "<group>"; };
		3C7C251117D810910020DEE2 /* DrawPoint.m */ = {isa = PBXFileReference; fileEncoding = 4; lastKnownFileType = sourcecode.c.objc; path = DrawPoint.m; sourceTree = "<group>"; };
		3C7C251317D810910020DEE2 /* Pitch.h */ = {isa = PBXFileReference; fileEncoding = 4; lastKnownFileType = sourcecode.c.h; path = Pitch.h; sourceTree = "<group>"; };
		3C7C251417D810910020DEE2 /* Pitch.m */ = {isa = PBXFileReference; fileEncoding = 4; lastKnownFileType = sourcecode.c.objc; path = Pitch.m; sourceTree = "<group>"; };
		BE3F4D9817AC103600BC6371 /* QuartzCore.framework */ = {isa = PBXFileReference; lastKnownFileType = wrapper.framework; name = QuartzCore.framework; path = System/Library/Frameworks/QuartzCore.framework; sourceTree = SDKROOT; };
		BE3F4E0217AD7AE400BC6371 /* SenecaTapHandler.h */ = {isa = PBXFileReference; lastKnownFileType = sourcecode.c.h; path = SenecaTapHandler.h; sourceTree = "<group>"; };
		BE3F4E0317AD7B5800BC6371 /* SenecaExploreTapHandler.h */ = {isa = PBXFileReference; fileEncoding = 4; lastKnownFileType = sourcecode.c.h; path = SenecaExploreTapHandler.h; sourceTree = "<group>"; };
		BE3F4E0417AD7B5800BC6371 /* SenecaExploreTapHandler.m */ = {isa = PBXFileReference; fileEncoding = 4; lastKnownFileType = sourcecode.c.objc; path = SenecaExploreTapHandler.m; sourceTree = "<group>"; };
		BE3F4E0617AD7B9000BC6371 /* SenecaCreateTapHandler.h */ = {isa = PBXFileReference; fileEncoding = 4; lastKnownFileType = sourcecode.c.h; path = SenecaCreateTapHandler.h; sourceTree = "<group>"; };
		BE3F4E0717AD7B9000BC6371 /* SenecaCreateTapHandler.m */ = {isa = PBXFileReference; fileEncoding = 4; lastKnownFileType = sourcecode.c.objc; path = SenecaCreateTapHandler.m; sourceTree = "<group>"; };
		BE3F4E0917AD863800BC6371 /* CoreData.framework */ = {isa = PBXFileReference; lastKnownFileType = wrapper.framework; name = CoreData.framework; path = System/Library/Frameworks/CoreData.framework; sourceTree = SDKROOT; };
		BE3F4E0C17AD866000BC6371 /* Seneca.xcdatamodel */ = {isa = PBXFileReference; lastKnownFileType = wrapper.xcdatamodel; path = Seneca.xcdatamodel; sourceTree = "<group>"; };
		BEC8228417A2BBC20027D29E /* Seneca.app */ = {isa = PBXFileReference; explicitFileType = wrapper.application; includeInIndex = 0; path = Seneca.app; sourceTree = BUILT_PRODUCTS_DIR; };
		BEC8228717A2BBC20027D29E /* UIKit.framework */ = {isa = PBXFileReference; lastKnownFileType = wrapper.framework; name = UIKit.framework; path = System/Library/Frameworks/UIKit.framework; sourceTree = SDKROOT; };
		BEC8228917A2BBC20027D29E /* Foundation.framework */ = {isa = PBXFileReference; lastKnownFileType = wrapper.framework; name = Foundation.framework; path = System/Library/Frameworks/Foundation.framework; sourceTree = SDKROOT; };
		BEC8228B17A2BBC20027D29E /* CoreGraphics.framework */ = {isa = PBXFileReference; lastKnownFileType = wrapper.framework; name = CoreGraphics.framework; path = System/Library/Frameworks/CoreGraphics.framework; sourceTree = SDKROOT; };
		BEC8228F17A2BBC20027D29E /* Seneca-Info.plist */ = {isa = PBXFileReference; lastKnownFileType = text.plist.xml; path = "Seneca-Info.plist"; sourceTree = "<group>"; };
		BEC8229117A2BBC20027D29E /* en */ = {isa = PBXFileReference; lastKnownFileType = text.plist.strings; name = en; path = en.lproj/InfoPlist.strings; sourceTree = "<group>"; };
		BEC8229317A2BBC20027D29E /* main.m */ = {isa = PBXFileReference; lastKnownFileType = sourcecode.c.objc; path = main.m; sourceTree = "<group>"; };
		BEC8229517A2BBC20027D29E /* Seneca-Prefix.pch */ = {isa = PBXFileReference; lastKnownFileType = sourcecode.c.h; path = "Seneca-Prefix.pch"; sourceTree = "<group>"; };
		BEC8229617A2BBC20027D29E /* SenecaAppDelegate.h */ = {isa = PBXFileReference; lastKnownFileType = sourcecode.c.h; path = SenecaAppDelegate.h; sourceTree = "<group>"; };
		BEC8229717A2BBC20027D29E /* SenecaAppDelegate.m */ = {isa = PBXFileReference; lastKnownFileType = sourcecode.c.objc; path = SenecaAppDelegate.m; sourceTree = "<group>"; };
		BEC8229917A2BBC20027D29E /* Default.png */ = {isa = PBXFileReference; lastKnownFileType = image.png; path = Default.png; sourceTree = "<group>"; };
		BEC8229B17A2BBC20027D29E /* Default@2x.png */ = {isa = PBXFileReference; lastKnownFileType = image.png; path = "Default@2x.png"; sourceTree = "<group>"; };
		BEC8229D17A2BBC20027D29E /* Default-568h@2x.png */ = {isa = PBXFileReference; lastKnownFileType = image.png; path = "Default-568h@2x.png"; sourceTree = "<group>"; };
		BEC822A017A2BBC20027D29E /* en */ = {isa = PBXFileReference; lastKnownFileType = file.storyboard; name = en; path = en.lproj/MainStoryboard.storyboard; sourceTree = "<group>"; };
		BEC822A217A2BBC20027D29E /* SenecaViewController.h */ = {isa = PBXFileReference; lastKnownFileType = sourcecode.c.h; path = SenecaViewController.h; sourceTree = "<group>"; };
		BEC822A317A2BBC20027D29E /* SenecaViewController.m */ = {isa = PBXFileReference; lastKnownFileType = sourcecode.c.objc; path = SenecaViewController.m; sourceTree = "<group>"; };
		BEC822AD17A2BD100027D29E /* gunsight-topo.png */ = {isa = PBXFileReference; lastKnownFileType = image.png; path = "gunsight-topo.png"; sourceTree = "<group>"; };
/* End PBXFileReference section */

/* Begin PBXFrameworksBuildPhase section */
		BEC8228117A2BBC20027D29E /* Frameworks */ = {
			isa = PBXFrameworksBuildPhase;
			buildActionMask = 2147483647;
			files = (
				BE3F4E0A17AD863800BC6371 /* CoreData.framework in Frameworks */,
				BE3F4D9917AC103600BC6371 /* QuartzCore.framework in Frameworks */,
				BEC8228817A2BBC20027D29E /* UIKit.framework in Frameworks */,
				BEC8228A17A2BBC20027D29E /* Foundation.framework in Frameworks */,
				BEC8228C17A2BBC20027D29E /* CoreGraphics.framework in Frameworks */,
			);
			runOnlyForDeploymentPostprocessing = 0;
		};
/* End PBXFrameworksBuildPhase section */

/* Begin PBXGroup section */
		BE3F4E1D17ADE9A800BC6371 /* Model Files */ = {
			isa = PBXGroup;
			children = (
			);
			name = "Model Files";
			sourceTree = "<group>";
		};
		BEC8227B17A2BBC20027D29E = {
			isa = PBXGroup;
			children = (
				BEC8228D17A2BBC20027D29E /* Seneca */,
				BEC8228617A2BBC20027D29E /* Frameworks */,
				BEC8228517A2BBC20027D29E /* Products */,
			);
			sourceTree = "<group>";
		};
		BEC8228517A2BBC20027D29E /* Products */ = {
			isa = PBXGroup;
			children = (
				BEC8228417A2BBC20027D29E /* Seneca.app */,
			);
			name = Products;
			sourceTree = "<group>";
		};
		BEC8228617A2BBC20027D29E /* Frameworks */ = {
			isa = PBXGroup;
			children = (
				BE3F4E0917AD863800BC6371 /* CoreData.framework */,
				BE3F4D9817AC103600BC6371 /* QuartzCore.framework */,
				BEC8228717A2BBC20027D29E /* UIKit.framework */,
				BEC8228917A2BBC20027D29E /* Foundation.framework */,
				BEC8228B17A2BBC20027D29E /* CoreGraphics.framework */,
			);
			name = Frameworks;
			sourceTree = "<group>";
		};
		BEC8228D17A2BBC20027D29E /* Seneca */ = {
			isa = PBXGroup;
			children = (
				BEC8229617A2BBC20027D29E /* SenecaAppDelegate.h */,
				BEC8229717A2BBC20027D29E /* SenecaAppDelegate.m */,
				BEC8229F17A2BBC20027D29E /* MainStoryboard.storyboard */,
				BEC822A217A2BBC20027D29E /* SenecaViewController.h */,
				BEC822A317A2BBC20027D29E /* SenecaViewController.m */,
				BE3F4E0217AD7AE400BC6371 /* SenecaTapHandler.h */,
				BE3F4E0317AD7B5800BC6371 /* SenecaExploreTapHandler.h */,
				BE3F4E0417AD7B5800BC6371 /* SenecaExploreTapHandler.m */,
				BE3F4E0617AD7B9000BC6371 /* SenecaCreateTapHandler.h */,
				BE3F4E0717AD7B9000BC6371 /* SenecaCreateTapHandler.m */,
				BE3F4E0B17AD866000BC6371 /* Seneca.xcdatamodeld */,
				3C7C251317D810910020DEE2 /* Pitch.h */,
				3C7C251417D810910020DEE2 /* Pitch.m */,
				3C7C251017D810910020DEE2 /* DrawPoint.h */,
				3C7C251117D810910020DEE2 /* DrawPoint.m */,
				BE3F4E1D17ADE9A800BC6371 /* Model Files */,
				BEC8228E17A2BBC20027D29E /* Supporting Files */,
			);
			path = Seneca;
			sourceTree = "<group>";
		};
		BEC8228E17A2BBC20027D29E /* Supporting Files */ = {
			isa = PBXGroup;
			children = (
				BEC822AD17A2BD100027D29E /* gunsight-topo.png */,
				BEC8228F17A2BBC20027D29E /* Seneca-Info.plist */,
				BEC8229017A2BBC20027D29E /* InfoPlist.strings */,
				BEC8229317A2BBC20027D29E /* main.m */,
				BEC8229517A2BBC20027D29E /* Seneca-Prefix.pch */,
				BEC8229917A2BBC20027D29E /* Default.png */,
				BEC8229B17A2BBC20027D29E /* Default@2x.png */,
				BEC8229D17A2BBC20027D29E /* Default-568h@2x.png */,
			);
			name = "Supporting Files";
			sourceTree = "<group>";
		};
/* End PBXGroup section */

/* Begin PBXNativeTarget section */
		BEC8228317A2BBC20027D29E /* Seneca */ = {
			isa = PBXNativeTarget;
			buildConfigurationList = BEC822A717A2BBC20027D29E /* Build configuration list for PBXNativeTarget "Seneca" */;
			buildPhases = (
				BEC8228017A2BBC20027D29E /* Sources */,
				BEC8228117A2BBC20027D29E /* Frameworks */,
				BEC8228217A2BBC20027D29E /* Resources */,
			);
			buildRules = (
			);
			dependencies = (
			);
			name = Seneca;
			productName = Seneca;
			productReference = BEC8228417A2BBC20027D29E /* Seneca.app */;
			productType = "com.apple.product-type.application";
		};
/* End PBXNativeTarget section */

/* Begin PBXProject section */
		BEC8227C17A2BBC20027D29E /* Project object */ = {
			isa = PBXProject;
			attributes = {
				CLASSPREFIX = Seneca;
				LastUpgradeCheck = 0460;
				ORGANIZATIONNAME = "Ian Will";
			};
			buildConfigurationList = BEC8227F17A2BBC20027D29E /* Build configuration list for PBXProject "Seneca" */;
			compatibilityVersion = "Xcode 3.2";
			developmentRegion = English;
			hasScannedForEncodings = 0;
			knownRegions = (
				en,
			);
			mainGroup = BEC8227B17A2BBC20027D29E;
			productRefGroup = BEC8228517A2BBC20027D29E /* Products */;
			projectDirPath = "";
			projectRoot = "";
			targets = (
				BEC8228317A2BBC20027D29E /* Seneca */,
			);
		};
/* End PBXProject section */

/* Begin PBXResourcesBuildPhase section */
		BEC8228217A2BBC20027D29E /* Resources */ = {
			isa = PBXResourcesBuildPhase;
			buildActionMask = 2147483647;
			files = (
				BEC8229217A2BBC20027D29E /* InfoPlist.strings in Resources */,
				BEC8229A17A2BBC20027D29E /* Default.png in Resources */,
				BEC8229C17A2BBC20027D29E /* Default@2x.png in Resources */,
				BEC8229E17A2BBC20027D29E /* Default-568h@2x.png in Resources */,
				BEC822A117A2BBC20027D29E /* MainStoryboard.storyboard in Resources */,
				BEC822AE17A2BD100027D29E /* gunsight-topo.png in Resources */,
			);
			runOnlyForDeploymentPostprocessing = 0;
		};
/* End PBXResourcesBuildPhase section */

/* Begin PBXSourcesBuildPhase section */
		BEC8228017A2BBC20027D29E /* Sources */ = {
			isa = PBXSourcesBuildPhase;
			buildActionMask = 2147483647;
			files = (
				BEC8229417A2BBC20027D29E /* main.m in Sources */,
				BEC8229817A2BBC20027D29E /* SenecaAppDelegate.m in Sources */,
				BEC822A417A2BBC20027D29E /* SenecaViewController.m in Sources */,
				BE3F4E0517AD7B5800BC6371 /* SenecaExploreTapHandler.m in Sources */,
				BE3F4E0817AD7B9000BC6371 /* SenecaCreateTapHandler.m in Sources */,
				BE3F4E0D17AD866000BC6371 /* Seneca.xcdatamodeld in Sources */,
				3C7C251217D810910020DEE2 /* DrawPoint.m in Sources */,
				3C7C251517D810910020DEE2 /* Pitch.m in Sources */,
			);
			runOnlyForDeploymentPostprocessing = 0;
		};
/* End PBXSourcesBuildPhase section */

/* Begin PBXVariantGroup section */
		BEC8229017A2BBC20027D29E /* InfoPlist.strings */ = {
			isa = PBXVariantGroup;
			children = (
				BEC8229117A2BBC20027D29E /* en */,
			);
			name = InfoPlist.strings;
			sourceTree = "<group>";
		};
		BEC8229F17A2BBC20027D29E /* MainStoryboard.storyboard */ = {
			isa = PBXVariantGroup;
			children = (
				BEC822A017A2BBC20027D29E /* en */,
			);
			name = MainStoryboard.storyboard;
			sourceTree = "<group>";
		};
/* End PBXVariantGroup section */

/* Begin XCBuildConfiguration section */
		BEC822A517A2BBC20027D29E /* Debug */ = {
			isa = XCBuildConfiguration;
			buildSettings = {
				ALWAYS_SEARCH_USER_PATHS = NO;
				CLANG_CXX_LANGUAGE_STANDARD = "gnu++0x";
				CLANG_CXX_LIBRARY = "libc++";
				CLANG_ENABLE_OBJC_ARC = YES;
				CLANG_WARN_CONSTANT_CONVERSION = YES;
				CLANG_WARN_EMPTY_BODY = YES;
				CLANG_WARN_ENUM_CONVERSION = YES;
				CLANG_WARN_INT_CONVERSION = YES;
				CLANG_WARN__DUPLICATE_METHOD_MATCH = YES;
				"CODE_SIGN_IDENTITY[sdk=iphoneos*]" = "iPhone Developer";
				COPY_PHASE_STRIP = NO;
				GCC_C_LANGUAGE_STANDARD = gnu99;
				GCC_DYNAMIC_NO_PIC = NO;
				GCC_OPTIMIZATION_LEVEL = 0;
				GCC_PREPROCESSOR_DEFINITIONS = (
					"DEBUG=1",
					"$(inherited)",
				);
				GCC_SYMBOLS_PRIVATE_EXTERN = NO;
				GCC_WARN_ABOUT_RETURN_TYPE = YES;
				GCC_WARN_UNINITIALIZED_AUTOS = YES;
				GCC_WARN_UNUSED_VARIABLE = YES;
				IPHONEOS_DEPLOYMENT_TARGET = 6.1;
				ONLY_ACTIVE_ARCH = YES;
				SDKROOT = iphoneos;
			};
			name = Debug;
		};
		BEC822A617A2BBC20027D29E /* Release */ = {
			isa = XCBuildConfiguration;
			buildSettings = {
				ALWAYS_SEARCH_USER_PATHS = NO;
				CLANG_CXX_LANGUAGE_STANDARD = "gnu++0x";
				CLANG_CXX_LIBRARY = "libc++";
				CLANG_ENABLE_OBJC_ARC = YES;
				CLANG_WARN_CONSTANT_CONVERSION = YES;
				CLANG_WARN_EMPTY_BODY = YES;
				CLANG_WARN_ENUM_CONVERSION = YES;
				CLANG_WARN_INT_CONVERSION = YES;
				CLANG_WARN__DUPLICATE_METHOD_MATCH = YES;
				"CODE_SIGN_IDENTITY[sdk=iphoneos*]" = "iPhone Developer";
				COPY_PHASE_STRIP = YES;
				GCC_C_LANGUAGE_STANDARD = gnu99;
				GCC_WARN_ABOUT_RETURN_TYPE = YES;
				GCC_WARN_UNINITIALIZED_AUTOS = YES;
				GCC_WARN_UNUSED_VARIABLE = YES;
				IPHONEOS_DEPLOYMENT_TARGET = 6.1;
				OTHER_CFLAGS = "-DNS_BLOCK_ASSERTIONS=1";
				SDKROOT = iphoneos;
				VALIDATE_PRODUCT = YES;
			};
			name = Release;
		};
		BEC822A817A2BBC20027D29E /* Debug */ = {
			isa = XCBuildConfiguration;
			buildSettings = {
				FRAMEWORK_SEARCH_PATHS = (
					"$(inherited)",
					"\"$(SRCROOT)\"",
				);
				GCC_PRECOMPILE_PREFIX_HEADER = YES;
				GCC_PREFIX_HEADER = "Seneca/Seneca-Prefix.pch";
				INFOPLIST_FILE = "Seneca/Seneca-Info.plist";
				PRODUCT_NAME = "$(TARGET_NAME)";
				WRAPPER_EXTENSION = app;
			};
			name = Debug;
		};
		BEC822A917A2BBC20027D29E /* Release */ = {
			isa = XCBuildConfiguration;
			buildSettings = {
				FRAMEWORK_SEARCH_PATHS = (
					"$(inherited)",
					"\"$(SRCROOT)\"",
				);
				GCC_PRECOMPILE_PREFIX_HEADER = YES;
				GCC_PREFIX_HEADER = "Seneca/Seneca-Prefix.pch";
				INFOPLIST_FILE = "Seneca/Seneca-Info.plist";
				PRODUCT_NAME = "$(TARGET_NAME)";
				WRAPPER_EXTENSION = app;
			};
			name = Release;
		};
/* End XCBuildConfiguration section */

/* Begin XCConfigurationList section */
		BEC8227F17A2BBC20027D29E /* Build configuration list for PBXProject "Seneca" */ = {
			isa = XCConfigurationList;
			buildConfigurations = (
				BEC822A517A2BBC20027D29E /* Debug */,
				BEC822A617A2BBC20027D29E /* Release */,
			);
			defaultConfigurationIsVisible = 0;
			defaultConfigurationName = Release;
		};
		BEC822A717A2BBC20027D29E /* Build configuration list for PBXNativeTarget "Seneca" */ = {
			isa = XCConfigurationList;
			buildConfigurations = (
				BEC822A817A2BBC20027D29E /* Debug */,
				BEC822A917A2BBC20027D29E /* Release */,
			);
			defaultConfigurationIsVisible = 0;
			defaultConfigurationName = Release;
		};
/* End XCConfigurationList section */

/* Begin XCVersionGroup section */
		BE3F4E0B17AD866000BC6371 /* Seneca.xcdatamodeld */ = {
			isa = XCVersionGroup;
			children = (
				BE3F4E0C17AD866000BC6371 /* Seneca.xcdatamodel */,
			);
			currentVersion = BE3F4E0C17AD866000BC6371 /* Seneca.xcdatamodel */;
			path = Seneca.xcdatamodeld;
			sourceTree = "<group>";
			versionGroupType = wrapper.xcdatamodel;
		};
/* End XCVersionGroup section */
	};
	rootObject = BEC8227C17A2BBC20027D29E /* Project object */;
}
